lockfileVersion: '9.0'

settings:
  autoInstallPeers: true
  excludeLinksFromLockfile: false

importers:

  .:
    dependencies:
      '@noble/curves':
        specifier: ^1.9.7
        version: 1.9.7
      '@noble/hashes':
        specifier: ^1.8.0
        version: 1.8.0
      canonicalize:
        specifier: ^5.1.0
        version: 5.1.0
    devDependencies:
      '@types/node':
        specifier: ^26.6.2
        version: 26.6.2
      typescript:
        specifier: 5.9.3
        version: 5.9.3

packages:

  '@noble/curves@1.9.7':
    resolution: {integrity: sha512-gbKGcRUYIjA3/zCCNaWDciTMFI0dCkvou3TL8Zmy5Nc7sJ47a0jtOeZoTaMxkuqRo9cRhjOdZJXegxYE5FN/xw==}
    engines: {node: ^14.21.3 || >=16}

  '@noble/hashes@1.8.0':
    resolution: {integrity: sha512-jCs9ldd7NwzpgXDIf6P3+NrHh9/sD6CQdxHyjQI+h/6rDNo88ypBxxz45UDuZHz9r3tNz7N/VInSVoVdtXEI4A==}
    engines: {node: ^14.21.3 || >=16}

  '@types/node@26.6.2':
    resolution: {integrity: sha512-X1P21scMv4zGKLYqjdGjaKa7COa0RKVYYZZN/NfvLQ1JegxFhdhpZG/Lyn8AXx6CDUavKAd11v6BvfpkDByK8g==}

  canonicalize@5.1.0:
    resolution: {integrity: sha512-bab9+WefZljqQ8jT0qRwVmTyzAUU63K97QIQD3agynIBrb6sa5M2eAy8Hv8K3p4V9+ONVYZKtGYl4Dg+/5Gumw==}
    engines: {node: '>=22'}
    hasBin: true

  typescript@5.9.3:
    resolution: {integrity: sha512-jl1vZzPDinLr9eUt3J/t7V6FgNEw9QjvBPdysz9KfQDD41fQrC2Y4vKQdiaUpFT4bXlb1RHhLpp8wtm6M5TgSw==}
    engines: {node: '>=14.17'}
    hasBin: true

  undici-types@8.9.0:
    resolution: {integrity: sha512-KTDyRTYX8sWmKXAikPHHSyc63CRPETMctyjKFupcC6OBLXT3xsN0e9aF7m+mIXutFWpUXuedtowG7iLOzp0kQg==}

snapshots:

  '@noble/curves@1.9.7':
    dependencies:
      '@noble/hashes': 1.8.0

  '@noble/hashes@1.8.0': {}

  '@types/node@26.6.2':
    dependencies:
      undici-types: 8.9.0

  canonicalize@5.1.0: {}

  typescript@5.9.3: {}

  undici-types@8.9.0: {}
